{
  "name": "chekcer",
  "version": "1.0.0",
  "lockfileVersion": 3,
  "requires": true,
  "packages": {
    "": {
      "name": "chekcer",
      "version": "1.0.0",
      "license": "ISC",
      "dependencies": {
        "replicax": "^1.0.0"
      }
    },
    "node_modules/replicax": {
      "version": "1.0.0",
      "resolved": "https://registry.npmjs.org/replicax/-/replicax-1.0.0.tgz",
      "integrity": "sha512-QJdl64Y635Fey1MmDWWvh6IirB2fn3MLyPXwLD8jStovrZ58c/qTGkUPMrrsnE3SVn05Gi/4K65pVTc1dLS0Gg==",
      "license": "MIT",
      "bin": {
        "replicax": "lib/watch.js"
      },
      "engines": {
        "node": ">=14.0.0"
      }
    }
  }
}
